// !$*UTF8*$!
{
	archiveVersion = 1;
	classes = {
	};
	objectVersion = 46;
	objects = {

/* Begin PBXBuildFile section */
		27B5324F1E4F070C00D0E6B5 /* main.cpp in Sources */ = {isa = PBXBuildFile; fileRef = 27B5324E1E4F070C00D0E6B5 /* main.cpp */; };
		27B532561E4F078D00D0E6B5 /* aho-dawg.cpp in Sources */ = {isa = PBXBuildFile; fileRef = 27B532551E4F078D00D0E6B5 /* aho-dawg.cpp */; };
/* End PBXBuildFile section */

/* Begin PBXCopyFilesBuildPhase section */
		27B532491E4F070C00D0E6B5 /* CopyFiles */ = {
			isa = PBXCopyFilesBuildPhase;
			buildActionMask = 2147483647;
			dstPath = /usr/share/man/man1/;
			dstSubfolderSpec = 0;
			files = (
			);
			runOnlyForDeploymentPostprocessing = 1;
		};
/* End PBXCopyFilesBuildPhase section */

/* Begin PBXFileReference section */
		27B5324B1E4F070C00D0E6B5 /* pmm-acdawg */ = {isa = PBXFileReference; explicitFileType = "compiled.mach-o.executable"; includeInIndex = 0; path = "pmm-acdawg"; sourceTree = BUILT_PRODUCTS_DIR; };
		27B5324E1E4F070C00D0E6B5 /* main.cpp */ = {isa = PBXFileReference; lastKnownFileType = sourcecode.cpp.cpp; path = main.cpp; sourceTree = "<group>"; };
		27B532551E4F078D00D0E6B5 /* aho-dawg.cpp */ = {isa = PBXFileReference; fileEncoding = 2147483649; lastKnownFileType = sourcecode.cpp.cpp; path = "aho-dawg.cpp"; sourceTree = "<group>"; };
/* End PBXFileReference section */

/* Begin PBXFrameworksBuildPhase section */
		27B532481E4F070C00D0E6B5 /* Frameworks */ = {
			isa = PBXFrameworksBuildPhase;
			buildActionMask = 2147483647;
			files = (
			);
			runOnlyForDeploymentPostprocessing = 0;
		};
/* End PBXFrameworksBuildPhase section */

/* Begin PBXGroup section */
		27B532421E4F070C00D0E6B5 = {
			isa = PBXGroup;
			children = (
				27B5324D1E4F070C00D0E6B5 /* pmm-acdawg */,
				27B5324C1E4F070C00D0E6B5 /* Products */,
			);
			sourceTree = "<group>";
		};
		27B5324C1E4F070C00D0E6B5 /* Products */ = {
			isa = PBXGroup;
			children = (
				27B5324B1E4F070C00D0E6B5 /* pmm-acdawg */,
			);
			name = Products;
			sourceTree = "<group>";
		};
		27B5324D1E4F070C00D0E6B5 /* pmm-acdawg */ = {
			isa = PBXGroup;
			children = (
				27B532551E4F078D00D0E6B5 /* aho-dawg.cpp */,
				27B5324E1E4F070C00D0E6B5 /* main.cpp */,
			);
			path = "pmm-acdawg";
			sourceTree = "<group>";
		};
/* End PBXGroup section */

/* Begin PBXNativeTarget section */
		27B5324A1E4F070C00D0E6B5 /* pmm-acdawg */ = {
			isa = PBXNativeTarget;
			buildConfigurationList = 27B532521E4F070C00D0E6B5 /* Build configuration list for PBXNativeTarget "pmm-acdawg" */;
			buildPhases = (
				27B532471E4F070C00D0E6B5 /* Sources */,
				27B532481E4F070C00D0E6B5 /* Frameworks */,
				27B532491E4F070C00D0E6B5 /* CopyFiles */,
			);
			buildRules = (
			);
			dependencies = (
			);
			name = "pmm-acdawg";
			productName = "pmm-acdawg";
			productReference = 27B5324B1E4F070C00D0E6B5 /* pmm-acdawg */;
			productType = "com.apple.product-type.tool";
		};
/* End PBXNativeTarget section */

/* Begin PBXProject section */
		27B532431E4F070C00D0E6B5 /* Project object */ = {
			isa = PBXProject;
			attributes = {
				LastUpgradeCheck = 0820;
				ORGANIZATIONNAME = "Kyushu Inst. of Tech.";
				TargetAttributes = {
					27B5324A1E4F070C00D0E6B5 = {
						CreatedOnToolsVersion = 8.2.1;
						ProvisioningStyle = Automatic;
					};
				};
			};
			buildConfigurationList = 27B532461E4F070C00D0E6B5 /* Build configuration list for PBXProject "pmm-acdawg" */;
			compatibilityVersion = "Xcode 3.2";
			developmentRegion = English;
			hasScannedForEncodings = 0;
			knownRegions = (
				en,
			);
			mainGroup = 27B532421E4F070C00D0E6B5;
			productRefGroup = 27B5324C1E4F070C00D0E6B5 /* Products */;
			projectDirPath = "";
			projectRoot = "";
			targets = (
				27B5324A1E4F070C00D0E6B5 /* pmm-acdawg */,
			);
		};
/* End PBXProject section */

/* Begin PBXSourcesBuildPhase section */
		27B532471E4F070C00D0E6B5 /* Sources */ = {
			isa = PBXSourcesBuildPhase;
			buildActionMask = 2147483647;
			files = (
				27B5324F1E4F070C00D0E6B5 /* main.cpp in Sources */,
				27B532561E4F078D00D0E6B5 /* aho-dawg.cpp in Sources */,
			);
			runOnlyForDeploymentPostprocessing = 0;
		};
/* End PBXSourcesBuildPhase section */

/* Begin XCBuildConfiguration section */
		27B532501E4F070C00D0E6B5 /* Debug */ = {
			isa = XCBuildConfiguration;
			buildSettings = {
				ALWAYS_SEARCH_USER_PATHS = NO;
				CLANG_ANALYZER_NONNULL = YES;
				CLANG_CXX_LANGUAGE_STANDARD = "gnu++0x";
				CLANG_CXX_LIBRARY = "libc++";
				CLANG_ENABLE_MODULES = YES;
				CLANG_ENABLE_OBJC_ARC = YES;
				CLANG_WARN_BOOL_CONVERSION = YES;
				CLANG_WARN_CONSTANT_CONVERSION = YES;
				CLANG_WARN_DIRECT_OBJC_ISA_USAGE = YES_ERROR;
				CLANG_WARN_DOCUMENTATION_COMMENTS = YES;
				CLANG_WARN_EMPTY_BODY = YES;
				CLANG_WARN_ENUM_CONVERSION = YES;
				CLANG_WARN_INFINITE_RECURSION = YES;
				CLANG_WARN_INT_CONVERSION = YES;
				CLANG_WARN_OBJC_ROOT_CLASS = YES_ERROR;
				CLANG_WARN_SUSPICIOUS_MOVE = YES;
				CLANG_WARN_UNREACHABLE_CODE = YES;
				CLANG_WARN__DUPLICATE_METHOD_MATCH = YES;
				CODE_SIGN_IDENTITY = "-";
				COPY_PHASE_STRIP = NO;
				DEBUG_INFORMATION_FORMAT = dwarf;
				ENABLE_STRICT_OBJC_MSGSEND = YES;
				ENABLE_TESTABILITY = YES;
				GCC_C_LANGUAGE_STANDARD = gnu99;
				GCC_DYNAMIC_NO_PIC = NO;
				GCC_NO_COMMON_BLOCKS = YES;
				GCC_OPTIMIZATION_LEVEL = 0;
				GCC_PREPROCESSOR_DEFINITIONS = (
					"DEBUG=1",
					"$(inherited)",
				);
				GCC_WARN_64_TO_32_BIT_CONVERSION = YES;
				GCC_WARN_ABOUT_RETURN_TYPE = YES_ERROR;
				GCC_WARN_UNDECLARED_SELECTOR = YES;
				GCC_WARN_UNINITIALIZED_AUTOS = YES_AGGRESSIVE;
				GCC_WARN_UNUSED_FUNCTION = YES;
				GCC_WARN_UNUSED_VARIABLE = YES;
				MACOSX_DEPLOYMENT_TARGET = 10.12;
				MTL_ENABLE_DEBUG_INFO = YES;
				ONLY_ACTIVE_ARCH = YES;
				SDKROOT = macosx;
			};
			name = Debug;
		};
		27B532511E4F070C00D0E6B5 /* Release */ = {
			isa = XCBuildConfiguration;
			buildSettings = {
				ALWAYS_SEARCH_USER_PATHS = NO;
				CLANG_ANALYZER_NONNULL = YES;
				CLANG_CXX_LANGUAGE_STANDARD = "gnu++0x";
				CLANG_CXX_LIBRARY = "libc++";
				CLANG_ENABLE_MODULES = YES;
				CLANG_ENABLE_OBJC_ARC = YES;
				CLANG_WARN_BOOL_CONVERSION = YES;
				CLANG_WARN_CONSTANT_CONVERSION = YES;
				CLANG_WARN_DIRECT_OBJC_ISA_USAGE = YES_ERROR;
				CLANG_WARN_DOCUMENTATION_COMMENTS = YES;
				CLANG_WARN_EMPTY_BODY = YES;
				CLANG_WARN_ENUM_CONVERSION = YES;
				CLANG_WARN_INFINITE_RECURSION = YES;
				CLANG_WARN_INT_CONVERSION = YES;
				CLANG_WARN_OBJC_ROOT_CLASS = YES_ERROR;
				CLANG_WARN_SUSPICIOUS_MOVE = YES;
				CLANG_WARN_UNREACHABLE_CODE = YES;
				CLANG_WARN__DUPLICATE_METHOD_MATCH = YES;
				CODE_SIGN_IDENTITY = "-";
				COPY_PHASE_STRIP = NO;
				DEBUG_INFORMATION_FORMAT = "dwarf-with-dsym";
				ENABLE_NS_ASSERTIONS = NO;
				ENABLE_STRICT_OBJC_MSGSEND = YES;
				GCC_C_LANGUAGE_STANDARD = gnu99;
				GCC_NO_COMMON_BLOCKS = YES;
				GCC_WARN_64_TO_32_BIT_CONVERSION = YES;
				GCC_WARN_ABOUT_RETURN_TYPE = YES_ERROR;
				GCC_WARN_UNDECLARED_SELECTOR = YES;
				GCC_WARN_UNINITIALIZED_AUTOS = YES_AGGRESSIVE;
				GCC_WARN_UNUSED_FUNCTION = YES;
				GCC_WARN_UNUSED_VARIABLE = YES;
				MACOSX_DEPLOYMENT_TARGET = 10.12;
				MTL_ENABLE_DEBUG_INFO = NO;
				SDKROOT = macosx;
			};
			name = Release;
		};
		27B532531E4F070C00D0E6B5 /* Debug */ = {
			isa = XCBuildConfiguration;
			buildSettings = {
				PRODUCT_NAME = "$(TARGET_NAME)";
			};
			name = Debug;
		};
		27B532541E4F070C00D0E6B5 /* Release */ = {
			isa = XCBuildConfiguration;
			buildSettings = {
				PRODUCT_NAME = "$(TARGET_NAME)";
			};
			name = Release;
		};
/* End XCBuildConfiguration section */

/* Begin XCConfigurationList section */
		27B532461E4F070C00D0E6B5 /* Build configuration list for PBXProject "pmm-acdawg" */ = {
			isa = XCConfigurationList;
			buildConfigurations = (
				27B532501E4F070C00D0E6B5 /* Debug */,
				27B532511E4F070C00D0E6B5 /* Release */,
			);
			defaultConfigurationIsVisible = 0;
			defaultConfigurationName = Release;
		};
		27B532521E4F070C00D0E6B5 /* Build configuration list for PBXNativeTarget "pmm-acdawg" */ = {
			isa = XCConfigurationList;
			buildConfigurations = (
				27B532531E4F070C00D0E6B5 /* Debug */,
				27B532541E4F070C00D0E6B5 /* Release */,
			);
			defaultConfigurationIsVisible = 0;
		};
/* End XCConfigurationList section */
	};
	rootObject = 27B532431E4F070C00D0E6B5 /* Project object */;
}
